
Microsoft Visual Studio Solution File, Format Version 12.00
# Visual Studio Version 16
VisualStudioVersion = 16.0.31729.503
MinimumVisualStudioVersion = 10.0.40219.1
Project("{9A19103F-16F7-4668-BE54-9A1E7A4F7556}") = "PS.Notification.Api", "PS.Notification.Api\PS.Notification.Api.csproj", "{026D4701-1494-4216-B10B-C2E823C06CB6}"
EndProject
Project("{9A19103F-16F7-4668-BE54-9A1E7A4F7556}") = "PS.Notification.Abstractions", "PS.Notification.Abstractions\PS.Notification.Abstractions.csproj", "{D6ED7E97-DDF5-4100-A932-E24310117442}"
EndProject
Project("{9A19103F-16F7-4668-BE54-9A1E7A4F7556}") = "PS.Notification.Publisher", "PS.Notification.Publisher\PS.Notification.Publisher.csproj", "{DE345F78-7227-4A8F-AFF8-7960E1730A86}"
EndProject
Global
	GlobalSection(SolutionConfigurationPlatforms) = preSolution
		Debug|Any CPU = Debug|Any CPU
		Release|Any CPU = Release|Any CPU
	EndGlobalSection
	GlobalSection(ProjectConfigurationPlatforms) = postSolution
		{026D4701-1494-4216-B10B-C2E823C06CB6}.Debug|Any CPU.ActiveCfg = Debug|Any CPU
		{026D4701-1494-4216-B10B-C2E823C06CB6}.Debug|Any CPU.Build.0 = Debug|Any CPU
		{026D4701-1494-4216-B10B-C2E823C06CB6}.Release|Any CPU.ActiveCfg = Release|Any CPU
		{026D4701-1494-4216-B10B-C2E823C06CB6}.Release|Any CPU.Build.0 = Release|Any CPU
		{D6ED7E97-DDF5-4100-A932-E24310117442}.Debug|Any CPU.ActiveCfg = Debug|Any CPU
		{D6ED7E97-DDF5-4100-A932-E24310117442}.Debug|Any CPU.Build.0 = Debug|Any CPU
		{D6ED7E97-DDF5-4100-A932-E24310117442}.Release|Any CPU.ActiveCfg = Release|Any CPU
		{D6ED7E97-DDF5-4100-A932-E24310117442}.Release|Any CPU.Build.0 = Release|Any CPU
		{DE345F78-7227-4A8F-AFF8-7960E1730A86}.Debug|Any CPU.ActiveCfg = Debug|Any CPU
		{DE345F78-7227-4A8F-AFF8-7960E1730A86}.Debug|Any CPU.Build.0 = Debug|Any CPU
		{DE345F78-7227-4A8F-AFF8-7960E1730A86}.Release|Any CPU.ActiveCfg = Release|Any CPU
		{DE345F78-7227-4A8F-AFF8-7960E1730A86}.Release|Any CPU.Build.0 = Release|Any CPU
	EndGlobalSection
	GlobalSection(SolutionProperties) = preSolution
		HideSolutionNode = FALSE
	EndGlobalSection
	GlobalSection(ExtensibilityGlobals) = postSolution
		SolutionGuid = {AACEF9F8-14B5-434E-B2FA-5DD5903CDE22}
	EndGlobalSection
EndGlobal
